schema: '2.0'
stages:
  train:
    cmd: source .dvcenv/bin/activate && python3 train.py
    deps:
    - path: data/train
      hash: md5
      md5: 19ff0eccafeddcfab38ab727d7bec29a.dir
      size: 225792495
      nfiles: 2041
    - path: params.yaml
      hash: md5
      md5: 151fd10638db68217240532f6bb82929
      size: 60
    - path: train.py
      hash: md5
      md5: d1b3366f91636752555ee447cf28d04c
      size: 2069
    params:
      params.yaml:
        batch_size: 16
        epochs: 5
        img_size: 128
        learning_rate: 0.001
    outs:
    - path: metrics.json
      hash: md5
      md5: 12b80a36ff0a4702ae27f37e49a75d5e
      size: 59
    - path: model.pth
      hash: md5
      md5: 0f1e921b109275918a36b7fbe0677e85
      size: 44780939
